// !$*UTF8*$!
{
	archiveVersion = 1;
	classes = {
	};
	objectVersion = 46;
	objects = {

/* Begin PBXBuildFile section */
		3224B4BE1EDF68F500016B26 /* AppDelegate.swift in Sources */ = {isa = PBXBuildFile; fileRef = 3224B4BD1EDF68F500016B26 /* AppDelegate.swift */; };
		3224B4C01EDF68F500016B26 /* ProfileViewController.swift in Sources */ = {isa = PBXBuildFile; fileRef = 3224B4BF1EDF68F500016B26 /* ProfileViewController.swift */; };
		3224B4C31EDF68F500016B26 /* Main.storyboard in Resources */ = {isa = PBXBuildFile; fileRef = 3224B4C11EDF68F500016B26 /* Main.storyboard */; };
		3224B4C51EDF68F500016B26 /* Assets.xcassets in Resources */ = {isa = PBXBuildFile; fileRef = 3224B4C41EDF68F500016B26 /* Assets.xcassets */; };
		3224B4C81EDF68F500016B26 /* LaunchScreen.storyboard in Resources */ = {isa = PBXBuildFile; fileRef = 3224B4C61EDF68F500016B26 /* LaunchScreen.storyboard */; };
		32690CD71EF9AA1B00CAD4DE /* HeaderView.swift in Sources */ = {isa = PBXBuildFile; fileRef = 32690CD61EF9AA1B00CAD4DE /* HeaderView.swift */; };
		32690CDA1EF9AB1700CAD4DE /* UIView+Extension.swift in Sources */ = {isa = PBXBuildFile; fileRef = 32690CD91EF9AB1700CAD4DE /* UIView+Extension.swift */; };
		32690CDC1EF9BC7C00CAD4DE /* HeaderView.xib in Resources */ = {isa = PBXBuildFile; fileRef = 32690CDB1EF9BC7C00CAD4DE /* HeaderView.xib */; };
		328E6C5B1EDF88C300300ADD /* ServerData.json in Resources */ = {isa = PBXBuildFile; fileRef = 328E6C5A1EDF88C300300ADD /* ServerData.json */; };
		328E6C5E1EDF8A6E00300ADD /* Profile.swift in Sources */ = {isa = PBXBuildFile; fileRef = 328E6C5D1EDF8A6E00300ADD /* Profile.swift */; };
		328E6C601EDF8A9300300ADD /* Friend.swift in Sources */ = {isa = PBXBuildFile; fileRef = 328E6C5F1EDF8A9300300ADD /* Friend.swift */; };
		328E6C621EDF8AA500300ADD /* Attribute.swift in Sources */ = {isa = PBXBuildFile; fileRef = 328E6C611EDF8AA500300ADD /* Attribute.swift */; };
		328E6C641EDF8BC000300ADD /* JSONParser.swift in Sources */ = {isa = PBXBuildFile; fileRef = 328E6C631EDF8BC000300ADD /* JSONParser.swift */; };
		328E6C671EDF8DF300300ADD /* ProfileViewModelItem.swift in Sources */ = {isa = PBXBuildFile; fileRef = 328E6C661EDF8DF300300ADD /* ProfileViewModelItem.swift */; };
		328E6C691EDF90D300300ADD /* ProfileViewModelNameAndPictureItem.swift in Sources */ = {isa = PBXBuildFile; fileRef = 328E6C681EDF90D300300ADD /* ProfileViewModelNameAndPictureItem.swift */; };
		328E6C6B1EDF915F00300ADD /* ProfileViewModelAboutItem.swift in Sources */ = {isa = PBXBuildFile; fileRef = 328E6C6A1EDF915F00300ADD /* ProfileViewModelAboutItem.swift */; };
		328E6C6D1EDF917900300ADD /* ProfileViewModelEmailItem.swift in Sources */ = {isa = PBXBuildFile; fileRef = 328E6C6C1EDF917900300ADD /* ProfileViewModelEmailItem.swift */; };
		328E6C6F1EDF919000300ADD /* ProfileViewModeAttributeItem.swift in Sources */ = {isa = PBXBuildFile; fileRef = 328E6C6E1EDF919000300ADD /* ProfileViewModeAttributeItem.swift */; };
		328E6C711EDF91A100300ADD /* ProfileViewModeFriendsItem.swift in Sources */ = {isa = PBXBuildFile; fileRef = 328E6C701EDF91A100300ADD /* ProfileViewModeFriendsItem.swift */; };
		328E6C741EDF921800300ADD /* ProfileViewModel.swift in Sources */ = {isa = PBXBuildFile; fileRef = 328E6C731EDF921800300ADD /* ProfileViewModel.swift */; };
		328E6C791EDF982A00300ADD /* NameAndPictureCell.swift in Sources */ = {isa = PBXBuildFile; fileRef = 328E6C781EDF982A00300ADD /* NameAndPictureCell.swift */; };
		328E6C7B1EDF984500300ADD /* AboutCell.swift in Sources */ = {isa = PBXBuildFile; fileRef = 328E6C7A1EDF984500300ADD /* AboutCell.swift */; };
		328E6C7D1EDF985300300ADD /* EmailCell.swift in Sources */ = {isa = PBXBuildFile; fileRef = 328E6C7C1EDF985300300ADD /* EmailCell.swift */; };
		328E6C7F1EDF986000300ADD /* FriendCell.swift in Sources */ = {isa = PBXBuildFile; fileRef = 328E6C7E1EDF986000300ADD /* FriendCell.swift */; };
		328E6C811EDF986D00300ADD /* AttributeCell.swift in Sources */ = {isa = PBXBuildFile; fileRef = 328E6C801EDF986D00300ADD /* AttributeCell.swift */; };
/* End PBXBuildFile section */

/* Begin PBXFileReference section */
		3224B4BA1EDF68F500016B26 /* TableViewMVVM.app */ = {isa = PBXFileReference; explicitFileType = wrapper.application; includeInIndex = 0; path = TableViewMVVM.app; sourceTree = BUILT_PRODUCTS_DIR; };
		3224B4BD1EDF68F500016B26 /* AppDelegate.swift */ = {isa = PBXFileReference; lastKnownFileType = sourcecode.swift; path = AppDelegate.swift; sourceTree = "<group>"; };
		3224B4BF1EDF68F500016B26 /* ProfileViewController.swift */ = {isa = PBXFileReference; lastKnownFileType = sourcecode.swift; path = ProfileViewController.swift; sourceTree = "<group>"; };
		3224B4C21EDF68F500016B26 /* Base */ = {isa = PBXFileReference; lastKnownFileType = file.storyboard; name = Base; path = Base.lproj/Main.storyboard; sourceTree = "<group>"; };
		3224B4C41EDF68F500016B26 /* Assets.xcassets */ = {isa = PBXFileReference; lastKnownFileType = folder.assetcatalog; path = Assets.xcassets; sourceTree = "<group>"; };
		3224B4C71EDF68F500016B26 /* Base */ = {isa = PBXFileReference; lastKnownFileType = file.storyboard; name = Base; path = Base.lproj/LaunchScreen.storyboard; sourceTree = "<group>"; };
		3224B4C91EDF68F500016B26 /* Info.plist */ = {isa = PBXFileReference; lastKnownFileType = text.plist.xml; path = Info.plist; sourceTree = "<group>"; };
		32690CD61EF9AA1B00CAD4DE /* HeaderView.swift */ = {isa = PBXFileReference; fileEncoding = 4; lastKnownFileType = sourcecode.swift; path = HeaderView.swift; sourceTree = "<group>"; };
		32690CD91EF9AB1700CAD4DE /* UIView+Extension.swift */ = {isa = PBXFileReference; fileEncoding = 4; lastKnownFileType = sourcecode.swift; path = "UIView+Extension.swift"; sourceTree = "<group>"; };
		32690CDB1EF9BC7C00CAD4DE /* HeaderView.xib */ = {isa = PBXFileReference; fileEncoding = 4; lastKnownFileType = file.xib; path = HeaderView.xib; sourceTree = "<group>"; };
		328E6C5A1EDF88C300300ADD /* ServerData.json */ = {isa = PBXFileReference; fileEncoding = 4; lastKnownFileType = text.json; path = ServerData.json; sourceTree = "<group>"; };
		328E6C5D1EDF8A6E00300ADD /* Profile.swift */ = {isa = PBXFileReference; fileEncoding = 4; lastKnownFileType = sourcecode.swift; path = Profile.swift; sourceTree = "<group>"; };
		328E6C5F1EDF8A9300300ADD /* Friend.swift */ = {isa = PBXFileReference; fileEncoding = 4; lastKnownFileType = sourcecode.swift; path = Friend.swift; sourceTree = "<group>"; };
		328E6C611EDF8AA500300ADD /* Attribute.swift */ = {isa = PBXFileReference; fileEncoding = 4; lastKnownFileType = sourcecode.swift; path = Attribute.swift; sourceTree = "<group>"; };
		328E6C631EDF8BC000300ADD /* JSONParser.swift */ = {isa = PBXFileReference; fileEncoding = 4; lastKnownFileType = sourcecode.swift; path = JSONParser.swift; sourceTree = "<group>"; };
		328E6C661EDF8DF300300ADD /* ProfileViewModelItem.swift */ = {isa = PBXFileReference; fileEncoding = 4; lastKnownFileType = sourcecode.swift; path = ProfileViewModelItem.swift; sourceTree = "<group>"; };
		328E6C681EDF90D300300ADD /* ProfileViewModelNameAndPictureItem.swift */ = {isa = PBXFileReference; fileEncoding = 4; lastKnownFileType = sourcecode.swift; path = ProfileViewModelNameAndPictureItem.swift; sourceTree = "<group>"; };
		328E6C6A1EDF915F00300ADD /* ProfileViewModelAboutItem.swift */ = {isa = PBXFileReference; fileEncoding = 4; lastKnownFileType = sourcecode.swift; path = ProfileViewModelAboutItem.swift; sourceTree = "<group>"; };
		328E6C6C1EDF917900300ADD /* ProfileViewModelEmailItem.swift */ = {isa = PBXFileReference; fileEncoding = 4; lastKnownFileType = sourcecode.swift; path = ProfileViewModelEmailItem.swift; sourceTree = "<group>"; };
		328E6C6E1EDF919000300ADD /* ProfileViewModeAttributeItem.swift */ = {isa = PBXFileReference; fileEncoding = 4; lastKnownFileType = sourcecode.swift; path = ProfileViewModeAttributeItem.swift; sourceTree = "<group>"; };
		328E6C701EDF91A100300ADD /* ProfileViewModeFriendsItem.swift */ = {isa = PBXFileReference; fileEncoding = 4; lastKnownFileType = sourcecode.swift; path = ProfileViewModeFriendsItem.swift; sourceTree = "<group>"; };
		328E6C731EDF921800300ADD /* ProfileViewModel.swift */ = {isa = PBXFileReference; fileEncoding = 4; lastKnownFileType = sourcecode.swift; path = ProfileViewModel.swift; sourceTree = "<group>"; };
		328E6C781EDF982A00300ADD /* NameAndPictureCell.swift */ = {isa = PBXFileReference; fileEncoding = 4; lastKnownFileType = sourcecode.swift; path = NameAndPictureCell.swift; sourceTree = "<group>"; };
		328E6C7A1EDF984500300ADD /* AboutCell.swift */ = {isa = PBXFileReference; fileEncoding = 4; lastKnownFileType = sourcecode.swift; path = AboutCell.swift; sourceTree = "<group>"; };
		328E6C7C1EDF985300300ADD /* EmailCell.swift */ = {isa = PBXFileReference; fileEncoding = 4; lastKnownFileType = sourcecode.swift; path = EmailCell.swift; sourceTree = "<group>"; };
		328E6C7E1EDF986000300ADD /* FriendCell.swift */ = {isa = PBXFileReference; fileEncoding = 4; lastKnownFileType = sourcecode.swift; path = FriendCell.swift; sourceTree = "<group>"; };
		328E6C801EDF986D00300ADD /* AttributeCell.swift */ = {isa = PBXFileReference; fileEncoding = 4; lastKnownFileType = sourcecode.swift; path = AttributeCell.swift; sourceTree = "<group>"; };
/* End PBXFileReference section */

/* Begin PBXFrameworksBuildPhase section */
		3224B4B71EDF68F500016B26 /* Frameworks */ = {
			isa = PBXFrameworksBuildPhase;
			buildActionMask = 2147483647;
			files = (
			);
			runOnlyForDeploymentPostprocessing = 0;
		};
/* End PBXFrameworksBuildPhase section */

/* Begin PBXGroup section */
		3224B4B11EDF68F500016B26 = {
			isa = PBXGroup;
			children = (
				3224B4BC1EDF68F500016B26 /* TableViewMVVM */,
				3224B4BB1EDF68F500016B26 /* Products */,
			);
			sourceTree = "<group>";
		};
		3224B4BB1EDF68F500016B26 /* Products */ = {
			isa = PBXGroup;
			children = (
				3224B4BA1EDF68F500016B26 /* TableViewMVVM.app */,
			);
			name = Products;
			sourceTree = "<group>";
		};
		3224B4BC1EDF68F500016B26 /* TableViewMVVM */ = {
			isa = PBXGroup;
			children = (
				32690CD81EF9AB0400CAD4DE /* Extensions */,
				328E6C651EDF8DE000300ADD /* ViewModels */,
				328E6C5C1EDF8A5B00300ADD /* Models */,
				328E6C591EDF88A900300ADD /* JSON */,
				328E6C751EDF942A00300ADD /* ViewControllers */,
				328E6C761EDF944900300ADD /* Storyboards */,
				3224B4BD1EDF68F500016B26 /* AppDelegate.swift */,
				3224B4C41EDF68F500016B26 /* Assets.xcassets */,
				3224B4C91EDF68F500016B26 /* Info.plist */,
			);
			path = TableViewMVVM;
			sourceTree = "<group>";
		};
		32690CD81EF9AB0400CAD4DE /* Extensions */ = {
			isa = PBXGroup;
			children = (
				32690CD91EF9AB1700CAD4DE /* UIView+Extension.swift */,
			);
			name = Extensions;
			sourceTree = "<group>";
		};
		328E6C591EDF88A900300ADD /* JSON */ = {
			isa = PBXGroup;
			children = (
				328E6C631EDF8BC000300ADD /* JSONParser.swift */,
				328E6C5A1EDF88C300300ADD /* ServerData.json */,
			);
			name = JSON;
			sourceTree = "<group>";
		};
		328E6C5C1EDF8A5B00300ADD /* Models */ = {
			isa = PBXGroup;
			children = (
				328E6C5D1EDF8A6E00300ADD /* Profile.swift */,
				328E6C5F1EDF8A9300300ADD /* Friend.swift */,
				328E6C611EDF8AA500300ADD /* Attribute.swift */,
			);
			name = Models;
			sourceTree = "<group>";
		};
		328E6C651EDF8DE000300ADD /* ViewModels */ = {
			isa = PBXGroup;
			children = (
				328E6C661EDF8DF300300ADD /* ProfileViewModelItem.swift */,
				328E6C721EDF91D700300ADD /* ViewModelItems */,
				328E6C731EDF921800300ADD /* ProfileViewModel.swift */,
			);
			name = ViewModels;
			sourceTree = "<group>";
		};
		328E6C721EDF91D700300ADD /* ViewModelItems */ = {
			isa = PBXGroup;
			children = (
				328E6C681EDF90D300300ADD /* ProfileViewModelNameAndPictureItem.swift */,
				328E6C6A1EDF915F00300ADD /* ProfileViewModelAboutItem.swift */,
				328E6C6C1EDF917900300ADD /* ProfileViewModelEmailItem.swift */,
				328E6C6E1EDF919000300ADD /* ProfileViewModeAttributeItem.swift */,
				328E6C701EDF91A100300ADD /* ProfileViewModeFriendsItem.swift */,
			);
			name = ViewModelItems;
			sourceTree = "<group>";
		};
		328E6C751EDF942A00300ADD /* ViewControllers */ = {
			isa = PBXGroup;
			children = (
				328E6C771EDF980A00300ADD /* ProfileCells */,
				3224B4BF1EDF68F500016B26 /* ProfileViewController.swift */,
			);
			name = ViewControllers;
			sourceTree = "<group>";
		};
		328E6C761EDF944900300ADD /* Storyboards */ = {
			isa = PBXGroup;
			children = (
				3224B4C11EDF68F500016B26 /* Main.storyboard */,
				3224B4C61EDF68F500016B26 /* LaunchScreen.storyboard */,
				32690CDB1EF9BC7C00CAD4DE /* HeaderView.xib */,
			);
			name = Storyboards;
			sourceTree = "<group>";
		};
		328E6C771EDF980A00300ADD /* ProfileCells */ = {
			isa = PBXGroup;
			children = (
				328E6C781EDF982A00300ADD /* NameAndPictureCell.swift */,
				328E6C7A1EDF984500300ADD /* AboutCell.swift */,
				328E6C7C1EDF985300300ADD /* EmailCell.swift */,
				328E6C7E1EDF986000300ADD /* FriendCell.swift */,
				328E6C801EDF986D00300ADD /* AttributeCell.swift */,
				32690CD61EF9AA1B00CAD4DE /* HeaderView.swift */,
			);
			name = ProfileCells;
			sourceTree = "<group>";
		};
/* End PBXGroup section */

/* Begin PBXNativeTarget section */
		3224B4B91EDF68F500016B26 /* TableViewMVVM */ = {
			isa = PBXNativeTarget;
			buildConfigurationList = 3224B4CC1EDF68F500016B26 /* Build configuration list for PBXNativeTarget "TableViewMVVM" */;
			buildPhases = (
				3224B4B61EDF68F500016B26 /* Sources */,
				3224B4B71EDF68F500016B26 /* Frameworks */,
				3224B4B81EDF68F500016B26 /* Resources */,
			);
			buildRules = (
			);
			dependencies = (
			);
			name = TableViewMVVM;
			productName = TableViewMVVM;
			productReference = 3224B4BA1EDF68F500016B26 /* TableViewMVVM.app */;
			productType = "com.apple.product-type.application";
		};
/* End PBXNativeTarget section */

/* Begin PBXProject section */
		3224B4B21EDF68F500016B26 /* Project object */ = {
			isa = PBXProject;
			attributes = {
				LastSwiftUpdateCheck = 0830;
				LastUpgradeCheck = 0830;
				ORGANIZATIONNAME = "Pablo Dominé";
				TargetAttributes = {
					3224B4B91EDF68F500016B26 = {
						CreatedOnToolsVersion = 8.3.2;
						DevelopmentTeam = 4PUW4LLWZC;
						ProvisioningStyle = Automatic;
					};
				};
			};
			buildConfigurationList = 3224B4B51EDF68F500016B26 /* Build configuration list for PBXProject "TableViewMVVM" */;
			compatibilityVersion = "Xcode 3.2";
			developmentRegion = English;
			hasScannedForEncodings = 0;
			knownRegions = (
				en,
				Base,
			);
			mainGroup = 3224B4B11EDF68F500016B26;
			productRefGroup = 3224B4BB1EDF68F500016B26 /* Products */;
			projectDirPath = "";
			projectRoot = "";
			targets = (
				3224B4B91EDF68F500016B26 /* TableViewMVVM */,
			);
		};
/* End PBXProject section */

/* Begin PBXResourcesBuildPhase section */
		3224B4B81EDF68F500016B26 /* Resources */ = {
			isa = PBXResourcesBuildPhase;
			buildActionMask = 2147483647;
			files = (
				3224B4C81EDF68F500016B26 /* LaunchScreen.storyboard in Resources */,
				32690CDC1EF9BC7C00CAD4DE /* HeaderView.xib in Resources */,
				3224B4C51EDF68F500016B26 /* Assets.xcassets in Resources */,
				328E6C5B1EDF88C300300ADD /* ServerData.json in Resources */,
				3224B4C31EDF68F500016B26 /* Main.storyboard in Resources */,
			);
			runOnlyForDeploymentPostprocessing = 0;
		};
/* End PBXResourcesBuildPhase section */

/* Begin PBXSourcesBuildPhase section */
		3224B4B61EDF68F500016B26 /* Sources */ = {
			isa = PBXSourcesBuildPhase;
			buildActionMask = 2147483647;
			files = (
				328E6C711EDF91A100300ADD /* ProfileViewModeFriendsItem.swift in Sources */,
				328E6C621EDF8AA500300ADD /* Attribute.swift in Sources */,
				328E6C7D1EDF985300300ADD /* EmailCell.swift in Sources */,
				328E6C7B1EDF984500300ADD /* AboutCell.swift in Sources */,
				3224B4C01EDF68F500016B26 /* ProfileViewController.swift in Sources */,
				328E6C641EDF8BC000300ADD /* JSONParser.swift in Sources */,
				328E6C671EDF8DF300300ADD /* ProfileViewModelItem.swift in Sources */,
				328E6C6F1EDF919000300ADD /* ProfileViewModeAttributeItem.swift in Sources */,
				328E6C5E1EDF8A6E00300ADD /* Profile.swift in Sources */,
				32690CD71EF9AA1B00CAD4DE /* HeaderView.swift in Sources */,
				328E6C6B1EDF915F00300ADD /* ProfileViewModelAboutItem.swift in Sources */,
				3224B4BE1EDF68F500016B26 /* AppDelegate.swift in Sources */,
				328E6C601EDF8A9300300ADD /* Friend.swift in Sources */,
				328E6C741EDF921800300ADD /* ProfileViewModel.swift in Sources */,
				328E6C6D1EDF917900300ADD /* ProfileViewModelEmailItem.swift in Sources */,
				328E6C691EDF90D300300ADD /* ProfileViewModelNameAndPictureItem.swift in Sources */,
				328E6C791EDF982A00300ADD /* NameAndPictureCell.swift in Sources */,
				328E6C811EDF986D00300ADD /* AttributeCell.swift in Sources */,
				32690CDA1EF9AB1700CAD4DE /* UIView+Extension.swift in Sources */,
				328E6C7F1EDF986000300ADD /* FriendCell.swift in Sources */,
			);
			runOnlyForDeploymentPostprocessing = 0;
		};
/* End PBXSourcesBuildPhase section */

/* Begin PBXVariantGroup section */
		3224B4C11EDF68F500016B26 /* Main.storyboard */ = {
			isa = PBXVariantGroup;
			children = (
				3224B4C21EDF68F500016B26 /* Base */,
			);
			name = Main.storyboard;
			sourceTree = "<group>";
		};
		3224B4C61EDF68F500016B26 /* LaunchScreen.storyboard */ = {
			isa = PBXVariantGroup;
			children = (
				3224B4C71EDF68F500016B26 /* Base */,
			);
			name = LaunchScreen.storyboard;
			sourceTree = "<group>";
		};
/* End PBXVariantGroup section */

/* Begin XCBuildConfiguration section */
		3224B4CA1EDF68F500016B26 /* Debug */ = {
			isa = XCBuildConfiguration;
			buildSettings = {
				ALWAYS_SEARCH_USER_PATHS = NO;
				CLANG_ANALYZER_NONNULL = YES;
				CLANG_ANALYZER_NUMBER_OBJECT_CONVERSION = YES_AGGRESSIVE;
				CLANG_CXX_LANGUAGE_STANDARD = "gnu++0x";
				CLANG_CXX_LIBRARY = "libc++";
				CLANG_ENABLE_MODULES = YES;
				CLANG_ENABLE_OBJC_ARC = YES;
				CLANG_WARN_BOOL_CONVERSION = YES;
				CLANG_WARN_CONSTANT_CONVERSION = YES;
				CLANG_WARN_DIRECT_OBJC_ISA_USAGE = YES_ERROR;
				CLANG_WARN_DOCUMENTATION_COMMENTS = YES;
				CLANG_WARN_EMPTY_BODY = YES;
				CLANG_WARN_ENUM_CONVERSION = YES;
				CLANG_WARN_INFINITE_RECURSION = YES;
				CLANG_WARN_INT_CONVERSION = YES;
				CLANG_WARN_OBJC_ROOT_CLASS = YES_ERROR;
				CLANG_WARN_SUSPICIOUS_MOVE = YES;
				CLANG_WARN_UNREACHABLE_CODE = YES;
				CLANG_WARN__DUPLICATE_METHOD_MATCH = YES;
				"CODE_SIGN_IDENTITY[sdk=iphoneos*]" = "iPhone Developer";
				COPY_PHASE_STRIP = NO;
				DEBUG_INFORMATION_FORMAT = dwarf;
				ENABLE_STRICT_OBJC_MSGSEND = YES;
				ENABLE_TESTABILITY = YES;
				GCC_C_LANGUAGE_STANDARD = gnu99;
				GCC_DYNAMIC_NO_PIC = NO;
				GCC_NO_COMMON_BLOCKS = YES;
				GCC_OPTIMIZATION_LEVEL = 0;
				GCC_PREPROCESSOR_DEFINITIONS = (
					"DEBUG=1",
					"$(inherited)",
				);
				GCC_WARN_64_TO_32_BIT_CONVERSION = YES;
				GCC_WARN_ABOUT_RETURN_TYPE = YES_ERROR;
				GCC_WARN_UNDECLARED_SELECTOR = YES;
				GCC_WARN_UNINITIALIZED_AUTOS = YES_AGGRESSIVE;
				GCC_WARN_UNUSED_FUNCTION = YES;
				GCC_WARN_UNUSED_VARIABLE = YES;
				IPHONEOS_DEPLOYMENT_TARGET = 10.3;
				MTL_ENABLE_DEBUG_INFO = YES;
				ONLY_ACTIVE_ARCH = YES;
				SDKROOT = iphoneos;
				SWIFT_ACTIVE_COMPILATION_CONDITIONS = DEBUG;
				SWIFT_OPTIMIZATION_LEVEL = "-Onone";
			};
			name = Debug;
		};
		3224B4CB1EDF68F500016B26 /* Release */ = {
			isa = XCBuildConfiguration;
			buildSettings = {
				ALWAYS_SEARCH_USER_PATHS = NO;
				CLANG_ANALYZER_NONNULL = YES;
				CLANG_ANALYZER_NUMBER_OBJECT_CONVERSION = YES_AGGRESSIVE;
				CLANG_CXX_LANGUAGE_STANDARD = "gnu++0x";
				CLANG_CXX_LIBRARY = "libc++";
				CLANG_ENABLE_MODULES = YES;
				CLANG_ENABLE_OBJC_ARC = YES;
				CLANG_WARN_BOOL_CONVERSION = YES;
				CLANG_WARN_CONSTANT_CONVERSION = YES;
				CLANG_WARN_DIRECT_OBJC_ISA_USAGE = YES_ERROR;
				CLANG_WARN_DOCUMENTATION_COMMENTS = YES;
				CLANG_WARN_EMPTY_BODY = YES;
				CLANG_WARN_ENUM_CONVERSION = YES;
				CLANG_WARN_INFINITE_RECURSION = YES;
				CLANG_WARN_INT_CONVERSION = YES;
				CLANG_WARN_OBJC_ROOT_CLASS = YES_ERROR;
				CLANG_WARN_SUSPICIOUS_MOVE = YES;
				CLANG_WARN_UNREACHABLE_CODE = YES;
				CLANG_WARN__DUPLICATE_METHOD_MATCH = YES;
				"CODE_SIGN_IDENTITY[sdk=iphoneos*]" = "iPhone Developer";
				COPY_PHASE_STRIP = NO;
				DEBUG_INFORMATION_FORMAT = "dwarf-with-dsym";
				ENABLE_NS_ASSERTIONS = NO;
				ENABLE_STRICT_OBJC_MSGSEND = YES;
				GCC_C_LANGUAGE_STANDARD = gnu99;
				GCC_NO_COMMON_BLOCKS = YES;
				GCC_WARN_64_TO_32_BIT_CONVERSION = YES;
				GCC_WARN_ABOUT_RETURN_TYPE = YES_ERROR;
				GCC_WARN_UNDECLARED_SELECTOR = YES;
				GCC_WARN_UNINITIALIZED_AUTOS = YES_AGGRESSIVE;
				GCC_WARN_UNUSED_FUNCTION = YES;
				GCC_WARN_UNUSED_VARIABLE = YES;
				IPHONEOS_DEPLOYMENT_TARGET = 10.3;
				MTL_ENABLE_DEBUG_INFO = NO;
				SDKROOT = iphoneos;
				SWIFT_OPTIMIZATION_LEVEL = "-Owholemodule";
				VALIDATE_PRODUCT = YES;
			};
			name = Release;
		};
		3224B4CD1EDF68F500016B26 /* Debug */ = {
			isa = XCBuildConfiguration;
			buildSettings = {
				ASSETCATALOG_COMPILER_APPICON_NAME = AppIcon;
				DEVELOPMENT_TEAM = 4PUW4LLWZC;
				INFOPLIST_FILE = TableViewMVVM/Info.plist;
				LD_RUNPATH_SEARCH_PATHS = "$(inherited) @executable_path/Frameworks";
				PRODUCT_BUNDLE_IDENTIFIER = co.lateralview.TableViewMVVM;
				PRODUCT_NAME = "$(TARGET_NAME)";
				SWIFT_VERSION = 3.0;
			};
			name = Debug;
		};
		3224B4CE1EDF68F500016B26 /* Release */ = {
			isa = XCBuildConfiguration;
			buildSettings = {
				ASSETCATALOG_COMPILER_APPICON_NAME = AppIcon;
				DEVELOPMENT_TEAM = 4PUW4LLWZC;
				INFOPLIST_FILE = TableViewMVVM/Info.plist;
				LD_RUNPATH_SEARCH_PATHS = "$(inherited) @executable_path/Frameworks";
				PRODUCT_BUNDLE_IDENTIFIER = co.lateralview.TableViewMVVM;
				PRODUCT_NAME = "$(TARGET_NAME)";
				SWIFT_VERSION = 3.0;
			};
			name = Release;
		};
/* End XCBuildConfiguration section */

/* Begin XCConfigurationList section */
		3224B4B51EDF68F500016B26 /* Build configuration list for PBXProject "TableViewMVVM" */ = {
			isa = XCConfigurationList;
			buildConfigurations = (
				3224B4CA1EDF68F500016B26 /* Debug */,
				3224B4CB1EDF68F500016B26 /* Release */,
			);
			defaultConfigurationIsVisible = 0;
			defaultConfigurationName = Release;
		};
		3224B4CC1EDF68F500016B26 /* Build configuration list for PBXNativeTarget "TableViewMVVM" */ = {
			isa = XCConfigurationList;
			buildConfigurations = (
				3224B4CD1EDF68F500016B26 /* Debug */,
				3224B4CE1EDF68F500016B26 /* Release */,
			);
			defaultConfigurationIsVisible = 0;
			defaultConfigurationName = Release;
		};
/* End XCConfigurationList section */
	};
	rootObject = 3224B4B21EDF68F500016B26 /* Project object */;
}
